# THIS IS AN AUTOGENERATED FILE. DO NOT EDIT THIS FILE DIRECTLY.
# yarn lockfile v1


"@sentry/browser@^5.3.0":
  version "5.3.0"
  resolved "https://registry.yarnpkg.com/@sentry/browser/-/browser-5.3.0.tgz#9b1d95f4bf9b5b0a99fc8b4c46121f3d540766aa"
  integrity sha512-MV02kS3Q5hv8/CW0nsjD/bOwWAq75aSFzebidwLfl6fvRSmuDsy5bjufr7a3ZK4SyYEe8GakqfQqqr81Y0vlVw==
  dependencies:
    "@sentry/core" "5.3.0"
    "@sentry/types" "5.2.0"
    "@sentry/utils" "5.3.0"
    tslib "^1.9.3"

"@sentry/core@5.3.0":
  version "5.3.0"
  resolved "https://registry.yarnpkg.com/@sentry/core/-/core-5.3.0.tgz#554c4f8cec42ed3ca8b28c717959bf8685b82696"
  integrity sha512-m4kB1RB5Ilx7/QTvhfRblyEfyGdV8dDLqE6CS3ftqjbFG0lhkqHjhj3Zai7wphfRnnZsfLGpYT8VJOgS9jUQuQ==
  dependencies:
    "@sentry/hub" "5.3.0"
    "@sentry/minimal" "5.3.0"
    "@sentry/types" "5.2.0"
    "@sentry/utils" "5.3.0"
    tslib "^1.9.3"

"@sentry/hub@5.3.0":
  version "5.3.0"
  resolved "https://registry.yarnpkg.com/@sentry/hub/-/hub-5.3.0.tgz#36ae86d78f3bb64aef0371e7917a72df907b287f"
  integrity sha512-FT+V5bScUoKbiMVZGOYcj81A7F7kQGbMXG+/94yO5s/6s/XJw4AbX5asR/N3Y57QNeeUYWQ2O4eDCjMeRdwXLw==
  dependencies:
    "@sentry/types" "5.2.0"
    "@sentry/utils" "5.3.0"
    tslib "^1.9.3"

"@sentry/minimal@5.3.0":
  version "5.3.0"
  resolved "https://registry.yarnpkg.com/@sentry/minimal/-/minimal-5.3.0.tgz#ba900bd793e969e293d1ee60ddf5f1905c6b1b90"
  integrity sha512-s1ok1AI7FQZx+zvgFVjcj1on090VSHo6Bf3f8idGRI2EvAB868q8DJoEcMXJGdJE59zZQ6YCEF5PXAmBm/h9Uw==
  dependencies:
    "@sentry/hub" "5.3.0"
    "@sentry/types" "5.2.0"
    tslib "^1.9.3"

"@sentry/node@^5.3.0":
  version "5.3.0"
  resolved "https://registry.yarnpkg.com/@sentry/node/-/node-5.3.0.tgz#fd103e1d83f80a693d54f21b192327f0db33af2e"
  integrity sha512-7TSDW0rsQUUoClT1oAuNKEaBPKOFDkoetdXtlkqF4YkL903WJQL8mt2vxPQ6rQcLM+DpBUppDOlzdBSrieQ0RQ==
  dependencies:
    "@sentry/core" "5.3.0"
    "@sentry/hub" "5.3.0"
    "@sentry/types" "5.2.0"
    "@sentry/utils" "5.3.0"
    cookie "0.3.1"
    https-proxy-agent "2.2.1"
    lru_map "0.3.3"
    tslib "^1.9.3"

"@sentry/types@5.2.0":
  version "5.2.0"
  resolved "https://registry.yarnpkg.com/@sentry/types/-/types-5.2.0.tgz#e42f2ad95c1c10f50656e6b668ff8c8aa06b99d5"
  integrity sha512-QzMVYgONsScAiEGY5XRtSeMwH8464oRdaxCMTtXBuYfF9muvxHqQyF094GVRiconpgKelok5ke9HwrbNUEiE7w==

"@sentry/utils@5.3.0":
  version "5.3.0"
  resolved "https://registry.yarnpkg.com/@sentry/utils/-/utils-5.3.0.tgz#9f86b6addcb762e53c7b659bba9298ac498ccb6b"
  integrity sha512-4nfv6p2/PPWt7jk/AE73K7YydFHiBs3GvJLpO+PHgNyU3GBtQGST5HggdkGy+mCbtoBdkCIf1CRNeabCxTZ92g==
  dependencies:
    "@sentry/types" "5.2.0"
    tslib "^1.9.3"

"@types/node@^12.0.3":
  version "12.0.3"
  resolved "https://registry.yarnpkg.com/@types/node/-/node-12.0.3.tgz#5d8d24e0033fc6393efadc85cb59c1f638095c9a"
  integrity sha512-zkOxCS/fA+3SsdA+9Yun0iANxzhQRiNwTvJSr6N95JhuJ/x27z9G2URx1Jpt3zYFfCGUXZGL5UDxt5eyLE7wgw==

agent-base@^4.1.0:
  version "4.2.1"
  resolved "https://registry.yarnpkg.com/agent-base/-/agent-base-4.2.1.tgz#d89e5999f797875674c07d87f260fc41e83e8ca9"
  integrity sha512-JVwXMr9nHYTUXsBFKUqhJwvlcYU/blreOEUkhNR2eXZIvwd+c+o5V4MgDPKWnMS/56awN3TRzIP+KoPn+roQtg==
  dependencies:
    es6-promisify "^5.0.0"

cookie@0.3.1:
  version "0.3.1"
  resolved "https://registry.yarnpkg.com/cookie/-/cookie-0.3.1.tgz#e7e0a1f9ef43b4c8ba925c5c5a96e806d16873bb"
  integrity sha1-5+Ch+e9DtMi6klxcWpboBtFoc7s=

debug@^3.1.0:
  version "3.2.6"
  resolved "https://registry.yarnpkg.com/debug/-/debug-3.2.6.tgz#e83d17de16d8a7efb7717edbe5fb10135eee629b"
  integrity sha512-mel+jf7nrtEl5Pn1Qx46zARXKDpBbvzezse7p7LqINmdoIk8PYP5SySaxEmYv6TZ0JyEKA1hsCId6DIhgITtWQ==
  dependencies:
    ms "^2.1.1"

es6-promise@^4.0.3:
  version "4.2.6"
  resolved "https://registry.yarnpkg.com/es6-promise/-/es6-promise-4.2.6.tgz#b685edd8258886365ea62b57d30de28fadcd974f"
  integrity sha512-aRVgGdnmW2OiySVPUC9e6m+plolMAJKjZnQlCwNSuK5yQ0JN61DZSO1X1Ufd1foqWRAlig0rhduTCHe7sVtK5Q==

es6-promisify@^5.0.0:
  version "5.0.0"
  resolved "https://registry.yarnpkg.com/es6-promisify/-/es6-promisify-5.0.0.tgz#5109d62f3e56ea967c4b63505aef08291c8a5203"
  integrity sha1-UQnWLz5W6pZ8S2NQWu8IKRyKUgM=
  dependencies:
    es6-promise "^4.0.3"

https-proxy-agent@2.2.1:
  version "2.2.1"
  resolved "https://registry.yarnpkg.com/https-proxy-agent/-/https-proxy-agent-2.2.1.tgz#51552970fa04d723e04c56d04178c3f92592bbc0"
  integrity sha512-HPCTS1LW51bcyMYbxUIOO4HEOlQ1/1qRaFWcyxvwaqUS9TY88aoEuHUY33kuAh1YhVVaDQhLZsnPd+XNARWZlQ==
  dependencies:
    agent-base "^4.1.0"
    debug "^3.1.0"

lru_map@0.3.3:
  version "0.3.3"
  resolved "https://registry.yarnpkg.com/lru_map/-/lru_map-0.3.3.tgz#b5c8351b9464cbd750335a79650a0ec0e56118dd"
  integrity sha1-tcg1G5Rky9dQM1p5ZQoOwOVhGN0=

ms@^2.1.1:
  version "2.1.1"
  resolved "https://registry.yarnpkg.com/ms/-/ms-2.1.1.tgz#30a5864eb3ebb0a66f2ebe6d727af06a09d86e0a"
  integrity sha512-tgp+dl5cGk28utYktBsrFqA7HKgrhgPsg6Z/EfhWI4gl1Hwq8B/GmY/0oXZ6nF8hDVesS/FpnYaD/kOWhYQvyg==

tslib@^1.9.3:
  version "1.9.3"
  resolved "https://registry.yarnpkg.com/tslib/-/tslib-1.9.3.tgz#d7e4dd79245d85428c4d7e4822a79917954ca286"
  integrity sha512-4krF8scpejhaOgqzBEcGM7yDIEfi0/8+8zDRZhNZZ2kjmHJ4hv3zCbQWxoJGz1iw5U0Jl0nma13xzHXcncMavQ==

typescript@^3.5.1:
  version "3.5.1"
  resolved "https://registry.yarnpkg.com/typescript/-/typescript-3.5.1.tgz#ba72a6a600b2158139c5dd8850f700e231464202"
  integrity sha512-64HkdiRv1yYZsSe4xC1WVgamNigVYjlssIoaH2HcZF0+ijsk5YK2g0G34w9wJkze8+5ow4STd22AynfO6ZYYLw==
