# THIS IS AN AUTOGENERATED FILE. DO NOT EDIT THIS FILE DIRECTLY.
# yarn lockfile v1


"@sentry/browser@^4.6.4":
  version "4.6.4"
  resolved "https://registry.yarnpkg.com/@sentry/browser/-/browser-4.6.4.tgz#94e376be7bb313b6faf9e40950405897dd1c1605"
  integrity sha512-w2ITpQbs2vTKS5vtPXDgeDyr+5C4lCnTXugJrqn8u8w/XaDb3vRogfMWpQcaUENllO5xdZSItSAAHsQucY/LvA==
  dependencies:
    "@sentry/core" "4.6.4"
    "@sentry/types" "4.5.3"
    "@sentry/utils" "4.6.4"
    tslib "^1.9.3"

"@sentry/core@4.6.4":
  version "4.6.4"
  resolved "https://registry.yarnpkg.com/@sentry/core/-/core-4.6.4.tgz#7236e08115423b81b96a13c2c37f29bcc1477745"
  integrity sha512-NGl2nkAaQ8dGqJAMS1Hb+7RyVjW4tmCbK6d7H/zKnOpBuU+qSW4XCm2NoGLLa8qb4SZUPIBRv6U0ByvEQlGtqw==
  dependencies:
    "@sentry/hub" "4.6.4"
    "@sentry/minimal" "4.6.4"
    "@sentry/types" "4.5.3"
    "@sentry/utils" "4.6.4"
    tslib "^1.9.3"

"@sentry/hub@4.6.4":
  version "4.6.4"
  resolved "https://registry.yarnpkg.com/@sentry/hub/-/hub-4.6.4.tgz#2bd5d67ccd43d4f5afc45005a330a11b14d46cea"
  integrity sha512-R3ACxUZbrAMP6vyIvt1k4bE3OIyg1CzbEhzknKljPrk1abVmJVP7W/X1vBysdRtI3m/9RjOSO7Lxx3XXqoHoQg==
  dependencies:
    "@sentry/types" "4.5.3"
    "@sentry/utils" "4.6.4"
    tslib "^1.9.3"

"@sentry/minimal@4.6.4":
  version "4.6.4"
  resolved "https://registry.yarnpkg.com/@sentry/minimal/-/minimal-4.6.4.tgz#dc4bb47df90dad6025d832852ac11fe29ed50147"
  integrity sha512-jZa9mfzDzJI98tg6uxFG3gdVLyz0nOHpLP9H8Kn/BelZ7WEG/ogB8PDi1hI9JvCTXAr8kV81mEecldADa9L9Yg==
  dependencies:
    "@sentry/hub" "4.6.4"
    "@sentry/types" "4.5.3"
    tslib "^1.9.3"

"@sentry/node@^4.6.4":
  version "4.6.4"
  resolved "https://registry.yarnpkg.com/@sentry/node/-/node-4.6.4.tgz#933c2e3ce93bc7861de6d4310ed1fe66f85da301"
  integrity sha512-nfaLB+cE0dddjWD0yI0nB/UqXkPw/6FKDRpB1NZ61amAM4QRXa4hRTdHvqjUovzV/5/pVMQYsOyCk0pNWMtMUQ==
  dependencies:
    "@sentry/core" "4.6.4"
    "@sentry/hub" "4.6.4"
    "@sentry/types" "4.5.3"
    "@sentry/utils" "4.6.4"
    "@types/stack-trace" "0.0.29"
    cookie "0.3.1"
    https-proxy-agent "2.2.1"
    lru_map "0.3.3"
    lsmod "1.0.0"
    stack-trace "0.0.10"
    tslib "^1.9.3"

"@sentry/types@4.5.3":
  version "4.5.3"
  resolved "https://registry.yarnpkg.com/@sentry/types/-/types-4.5.3.tgz#3350dce2b7f9b936a8c327891c12e3aef7bd8852"
  integrity sha512-7ll1PAFNjrBNX9rzy3P2qAQrpQwHaDO3uKj735qsnGw34OtAS8Xr8WYrjI14f9fMPa/XIeWvMPb4GMic28V/ag==

"@sentry/utils@4.6.4":
  version "4.6.4"
  resolved "https://registry.yarnpkg.com/@sentry/utils/-/utils-4.6.4.tgz#ca254c142b519b4f20d63c2f9edf1a89966be36f"
  integrity sha512-Tc5R46z7ve9Z+uU34ceDoEUR7skfQgXVIZqjbrTQphgm6EcMSNdRfkK3SJYZL5MNKiKhb7Tt/O3aPBy5bTZy6w==
  dependencies:
    "@sentry/types" "4.5.3"
    tslib "^1.9.3"

"@types/node@^11.10.4":
  version "11.10.4"
  resolved "https://registry.yarnpkg.com/@types/node/-/node-11.10.4.tgz#3f5fc4f0f322805f009e00ab35a2ff3d6b778e42"
  integrity sha512-wa09itaLE8L705aXd8F80jnFpxz3Y1/KRHfKsYL2bPc0XF+wEWu8sR9n5bmeu8Ba1N9z2GRNzm/YdHcghLkLKg==

"@types/stack-trace@0.0.29":
  version "0.0.29"
  resolved "https://registry.yarnpkg.com/@types/stack-trace/-/stack-trace-0.0.29.tgz#eb7a7c60098edb35630ed900742a5ecb20cfcb4d"
  integrity sha512-TgfOX+mGY/NyNxJLIbDWrO9DjGoVSW9+aB8H2yy1fy32jsvxijhmyJI9fDFgvz3YP4lvJaq9DzdR/M1bOgVc9g==

agent-base@^4.1.0:
  version "4.2.1"
  resolved "https://registry.yarnpkg.com/agent-base/-/agent-base-4.2.1.tgz#d89e5999f797875674c07d87f260fc41e83e8ca9"
  integrity sha512-JVwXMr9nHYTUXsBFKUqhJwvlcYU/blreOEUkhNR2eXZIvwd+c+o5V4MgDPKWnMS/56awN3TRzIP+KoPn+roQtg==
  dependencies:
    es6-promisify "^5.0.0"

cookie@0.3.1:
  version "0.3.1"
  resolved "https://registry.yarnpkg.com/cookie/-/cookie-0.3.1.tgz#e7e0a1f9ef43b4c8ba925c5c5a96e806d16873bb"
  integrity sha1-5+Ch+e9DtMi6klxcWpboBtFoc7s=

debug@^3.1.0:
  version "3.2.6"
  resolved "https://registry.yarnpkg.com/debug/-/debug-3.2.6.tgz#e83d17de16d8a7efb7717edbe5fb10135eee629b"
  integrity sha512-mel+jf7nrtEl5Pn1Qx46zARXKDpBbvzezse7p7LqINmdoIk8PYP5SySaxEmYv6TZ0JyEKA1hsCId6DIhgITtWQ==
  dependencies:
    ms "^2.1.1"

es6-promise@^4.0.3:
  version "4.2.6"
  resolved "https://registry.yarnpkg.com/es6-promise/-/es6-promise-4.2.6.tgz#b685edd8258886365ea62b57d30de28fadcd974f"
  integrity sha512-aRVgGdnmW2OiySVPUC9e6m+plolMAJKjZnQlCwNSuK5yQ0JN61DZSO1X1Ufd1foqWRAlig0rhduTCHe7sVtK5Q==

es6-promisify@^5.0.0:
  version "5.0.0"
  resolved "https://registry.yarnpkg.com/es6-promisify/-/es6-promisify-5.0.0.tgz#5109d62f3e56ea967c4b63505aef08291c8a5203"
  integrity sha1-UQnWLz5W6pZ8S2NQWu8IKRyKUgM=
  dependencies:
    es6-promise "^4.0.3"

https-proxy-agent@2.2.1:
  version "2.2.1"
  resolved "https://registry.yarnpkg.com/https-proxy-agent/-/https-proxy-agent-2.2.1.tgz#51552970fa04d723e04c56d04178c3f92592bbc0"
  integrity sha512-HPCTS1LW51bcyMYbxUIOO4HEOlQ1/1qRaFWcyxvwaqUS9TY88aoEuHUY33kuAh1YhVVaDQhLZsnPd+XNARWZlQ==
  dependencies:
    agent-base "^4.1.0"
    debug "^3.1.0"

lru_map@0.3.3:
  version "0.3.3"
  resolved "https://registry.yarnpkg.com/lru_map/-/lru_map-0.3.3.tgz#b5c8351b9464cbd750335a79650a0ec0e56118dd"
  integrity sha1-tcg1G5Rky9dQM1p5ZQoOwOVhGN0=

lsmod@1.0.0:
  version "1.0.0"
  resolved "https://registry.yarnpkg.com/lsmod/-/lsmod-1.0.0.tgz#9a00f76dca36eb23fa05350afe1b585d4299e64b"
  integrity sha1-mgD3bco26yP6BTUK/htYXUKZ5ks=

ms@^2.1.1:
  version "2.1.1"
  resolved "https://registry.yarnpkg.com/ms/-/ms-2.1.1.tgz#30a5864eb3ebb0a66f2ebe6d727af06a09d86e0a"
  integrity sha512-tgp+dl5cGk28utYktBsrFqA7HKgrhgPsg6Z/EfhWI4gl1Hwq8B/GmY/0oXZ6nF8hDVesS/FpnYaD/kOWhYQvyg==

stack-trace@0.0.10:
  version "0.0.10"
  resolved "https://registry.yarnpkg.com/stack-trace/-/stack-trace-0.0.10.tgz#547c70b347e8d32b4e108ea1a2a159e5fdde19c0"
  integrity sha1-VHxws0fo0ytOEI6hoqFZ5f3eGcA=

tslib@^1.9.3:
  version "1.9.3"
  resolved "https://registry.yarnpkg.com/tslib/-/tslib-1.9.3.tgz#d7e4dd79245d85428c4d7e4822a79917954ca286"
  integrity sha512-4krF8scpejhaOgqzBEcGM7yDIEfi0/8+8zDRZhNZZ2kjmHJ4hv3zCbQWxoJGz1iw5U0Jl0nma13xzHXcncMavQ==

typescript@^3.3.3333:
  version "3.3.3333"
  resolved "https://registry.yarnpkg.com/typescript/-/typescript-3.3.3333.tgz#171b2c5af66c59e9431199117a3bcadc66fdcfd6"
  integrity sha512-JjSKsAfuHBE/fB2oZ8NxtRTk5iGcg6hkYXMnZ3Wc+b2RSqejEqTaem11mHASMnFilHrax3sLK0GDzcJrekZYLw==
